
Microsoft Visual Studio Solution File, Format Version 12.00
# Visual Studio 14
VisualStudioVersion = 14.0.25420.1
MinimumVisualStudioVersion = 10.0.40219.1
Project("{FAE04EC0-301F-11D3-BF4B-00C04F79EFBC}") = "TreasureMap", "TreasureMap\TreasureMap.csproj", "{54109634-34F2-4708-B64C-604AA12E2B7C}"
EndProject
Project("{FAE04EC0-301F-11D3-BF4B-00C04F79EFBC}") = "TreasureMap.Tests", "TreasureMap.Tests\TreasureMap.Tests.csproj", "{7D33C57F-6309-4696-B2E1-6CF346D591E9}"
EndProject
Global
	GlobalSection(SolutionConfigurationPlatforms) = preSolution
		Debug|Any CPU = Debug|Any CPU
		Release|Any CPU = Release|Any CPU
	EndGlobalSection
	GlobalSection(ProjectConfigurationPlatforms) = postSolution
		{54109634-34F2-4708-B64C-604AA12E2B7C}.Debug|Any CPU.ActiveCfg = Debug|Any CPU
		{54109634-34F2-4708-B64C-604AA12E2B7C}.Debug|Any CPU.Build.0 = Debug|Any CPU
		{54109634-34F2-4708-B64C-604AA12E2B7C}.Release|Any CPU.ActiveCfg = Release|Any CPU
		{54109634-34F2-4708-B64C-604AA12E2B7C}.Release|Any CPU.Build.0 = Release|Any CPU
		{7D33C57F-6309-4696-B2E1-6CF346D591E9}.Debug|Any CPU.ActiveCfg = Debug|Any CPU
		{7D33C57F-6309-4696-B2E1-6CF346D591E9}.Debug|Any CPU.Build.0 = Debug|Any CPU
		{7D33C57F-6309-4696-B2E1-6CF346D591E9}.Release|Any CPU.ActiveCfg = Release|Any CPU
		{7D33C57F-6309-4696-B2E1-6CF346D591E9}.Release|Any CPU.Build.0 = Release|Any CPU
	EndGlobalSection
	GlobalSection(SolutionProperties) = preSolution
		HideSolutionNode = FALSE
	EndGlobalSection
EndGlobal
